// !$*UTF8*$!
{
	archiveVersion = 1;
	classes = {
	};
	objectVersion = 46;
	objects = {

/* Begin PBXBuildFile section */
		FA29FDA318BCCBCF0050F465 /* Foundation.framework in Frameworks */ = {isa = PBXBuildFile; fileRef = FA29FDA218BCCBCF0050F465 /* Foundation.framework */; };
		FA29FDA518BCCBCF0050F465 /* CoreGraphics.framework in Frameworks */ = {isa = PBXBuildFile; fileRef = FA29FDA418BCCBCF0050F465 /* CoreGraphics.framework */; };
		FA29FDA718BCCBCF0050F465 /* UIKit.framework in Frameworks */ = {isa = PBXBuildFile; fileRef = FA29FDA618BCCBCF0050F465 /* UIKit.framework */; };
		FA29FDAD18BCCBCF0050F465 /* InfoPlist.strings in Resources */ = {isa = PBXBuildFile; fileRef = FA29FDAB18BCCBCF0050F465 /* InfoPlist.strings */; };
		FA29FDAF18BCCBCF0050F465 /* main.m in Sources */ = {isa = PBXBuildFile; fileRef = FA29FDAE18BCCBCF0050F465 /* main.m */; };
		FA29FDB318BCCBCF0050F465 /* AppDelegate.m in Sources */ = {isa = PBXBuildFile; fileRef = FA29FDB218BCCBCF0050F465 /* AppDelegate.m */; };
		FA29FDB618BCCBCF0050F465 /* Main.storyboard in Resources */ = {isa = PBXBuildFile; fileRef = FA29FDB418BCCBCF0050F465 /* Main.storyboard */; };
		FA29FDB918BCCBCF0050F465 /* ViewController.m in Sources */ = {isa = PBXBuildFile; fileRef = FA29FDB818BCCBCF0050F465 /* ViewController.m */; };
		FA29FDBB18BCCBCF0050F465 /* Images.xcassets in Resources */ = {isa = PBXBuildFile; fileRef = FA29FDBA18BCCBCF0050F465 /* Images.xcassets */; };
		FA29FDC218BCCBCF0050F465 /* XCTest.framework in Frameworks */ = {isa = PBXBuildFile; fileRef = FA29FDC118BCCBCF0050F465 /* XCTest.framework */; };
		FA29FDC318BCCBCF0050F465 /* Foundation.framework in Frameworks */ = {isa = PBXBuildFile; fileRef = FA29FDA218BCCBCF0050F465 /* Foundation.framework */; };
		FA29FDC418BCCBCF0050F465 /* UIKit.framework in Frameworks */ = {isa = PBXBuildFile; fileRef = FA29FDA618BCCBCF0050F465 /* UIKit.framework */; };
		FA29FDCC18BCCBCF0050F465 /* InfoPlist.strings in Resources */ = {isa = PBXBuildFile; fileRef = FA29FDCA18BCCBCF0050F465 /* InfoPlist.strings */; };
		FA29FDCE18BCCBCF0050F465 /* TwttrChckr_iOSTests.m in Sources */ = {isa = PBXBuildFile; fileRef = FA29FDCD18BCCBCF0050F465 /* TwttrChckr_iOSTests.m */; };
/* End PBXBuildFile section */

/* Begin PBXContainerItemProxy section */
		FA29FDC518BCCBCF0050F465 /* PBXContainerItemProxy */ = {
			isa = PBXContainerItemProxy;
			containerPortal = FA29FD9718BCCBCF0050F465 /* Project object */;
			proxyType = 1;
			remoteGlobalIDString = FA29FD9E18BCCBCF0050F465;
			remoteInfo = "TwttrChckr-iOS";
		};
/* End PBXContainerItemProxy section */

/* Begin PBXFileReference section */
		FA29FD9F18BCCBCF0050F465 /* TwttrChckr-iOS.app */ = {isa = PBXFileReference; explicitFileType = wrapper.application; includeInIndex = 0; path = "TwttrChckr-iOS.app"; sourceTree = BUILT_PRODUCTS_DIR; };
		FA29FDA218BCCBCF0050F465 /* Foundation.framework */ = {isa = PBXFileReference; lastKnownFileType = wrapper.framework; name = Foundation.framework; path = System/Library/Frameworks/Foundation.framework; sourceTree = SDKROOT; };
		FA29FDA418BCCBCF0050F465 /* CoreGraphics.framework */ = {isa = PBXFileReference; lastKnownFileType = wrapper.framework; name = CoreGraphics.framework; path = System/Library/Frameworks/CoreGraphics.framework; sourceTree = SDKROOT; };
		FA29FDA618BCCBCF0050F465 /* UIKit.framework */ = {isa = PBXFileReference; lastKnownFileType = wrapper.framework; name = UIKit.framework; path = System/Library/Frameworks/UIKit.framework; sourceTree = SDKROOT; };
		FA29FDAA18BCCBCF0050F465 /* TwttrChckr-iOS-Info.plist */ = {isa = PBXFileReference; lastKnownFileType = text.plist.xml; path = "TwttrChckr-iOS-Info.plist"; sourceTree = "<group>"; };
		FA29FDAC18BCCBCF0050F465 /* en */ = {isa = PBXFileReference; lastKnownFileType = text.plist.strings; name = en; path = en.lproj/InfoPlist.strings; sourceTree = "<group>"; };
		FA29FDAE18BCCBCF0050F465 /* main.m */ = {isa = PBXFileReference; lastKnownFileType = sourcecode.c.objc; path = main.m; sourceTree = "<group>"; };
		FA29FDB018BCCBCF0050F465 /* TwttrChckr-iOS-Prefix.pch */ = {isa = PBXFileReference; lastKnownFileType = sourcecode.c.h; path = "TwttrChckr-iOS-Prefix.pch"; sourceTree = "<group>"; };
		FA29FDB118BCCBCF0050F465 /* AppDelegate.h */ = {isa = PBXFileReference; lastKnownFileType = sourcecode.c.h; path = AppDelegate.h; sourceTree = "<group>"; };
		FA29FDB218BCCBCF0050F465 /* AppDelegate.m */ = {isa = PBXFileReference; lastKnownFileType = sourcecode.c.objc; path = AppDelegate.m; sourceTree = "<group>"; };
		FA29FDB518BCCBCF0050F465 /* Base */ = {isa = PBXFileReference; lastKnownFileType = file.storyboard; name = Base; path = Base.lproj/Main.storyboard; sourceTree = "<group>"; };
		FA29FDB718BCCBCF0050F465 /* ViewController.h */ = {isa = PBXFileReference; lastKnownFileType = sourcecode.c.h; path = ViewController.h; sourceTree = "<group>"; };
		FA29FDB818BCCBCF0050F465 /* ViewController.m */ = {isa = PBXFileReference; lastKnownFileType = sourcecode.c.objc; path = ViewController.m; sourceTree = "<group>"; };
		FA29FDBA18BCCBCF0050F465 /* Images.xcassets */ = {isa = PBXFileReference; lastKnownFileType = folder.assetcatalog; path = Images.xcassets; sourceTree = "<group>"; };
		FA29FDC018BCCBCF0050F465 /* TwttrChckr-iOSTests.xctest */ = {isa = PBXFileReference; explicitFileType = wrapper.cfbundle; includeInIndex = 0; path = "TwttrChckr-iOSTests.xctest"; sourceTree = BUILT_PRODUCTS_DIR; };
		FA29FDC118BCCBCF0050F465 /* XCTest.framework */ = {isa = PBXFileReference; lastKnownFileType = wrapper.framework; name = XCTest.framework; path = Library/Frameworks/XCTest.framework; sourceTree = DEVELOPER_DIR; };
		FA29FDC918BCCBCF0050F465 /* TwttrChckr-iOSTests-Info.plist */ = {isa = PBXFileReference; lastKnownFileType = text.plist.xml; path = "TwttrChckr-iOSTests-Info.plist"; sourceTree = "<group>"; };
		FA29FDCB18BCCBCF0050F465 /* en */ = {isa = PBXFileReference; lastKnownFileType = text.plist.strings; name = en; path = en.lproj/InfoPlist.strings; sourceTree = "<group>"; };
		FA29FDCD18BCCBCF0050F465 /* TwttrChckr_iOSTests.m */ = {isa = PBXFileReference; lastKnownFileType = sourcecode.c.objc; path = TwttrChckr_iOSTests.m; sourceTree = "<group>"; };
/* End PBXFileReference section */

/* Begin PBXFrameworksBuildPhase section */
		FA29FD9C18BCCBCF0050F465 /* Frameworks */ = {
			isa = PBXFrameworksBuildPhase;
			buildActionMask = 2147483647;
			files = (
				FA29FDA518BCCBCF0050F465 /* CoreGraphics.framework in Frameworks */,
				FA29FDA718BCCBCF0050F465 /* UIKit.framework in Frameworks */,
				FA29FDA318BCCBCF0050F465 /* Foundation.framework in Frameworks */,
			);
			runOnlyForDeploymentPostprocessing = 0;
		};
		FA29FDBD18BCCBCF0050F465 /* Frameworks */ = {
			isa = PBXFrameworksBuildPhase;
			buildActionMask = 2147483647;
			files = (
				FA29FDC218BCCBCF0050F465 /* XCTest.framework in Frameworks */,
				FA29FDC418BCCBCF0050F465 /* UIKit.framework in Frameworks */,
				FA29FDC318BCCBCF0050F465 /* Foundation.framework in Frameworks */,
			);
			runOnlyForDeploymentPostprocessing = 0;
		};
/* End PBXFrameworksBuildPhase section */

/* Begin PBXGroup section */
		FA29FD9618BCCBCF0050F465 = {
			isa = PBXGroup;
			children = (
				FA29FDA818BCCBCF0050F465 /* TwttrChckr-iOS */,
				FA29FDC718BCCBCF0050F465 /* TwttrChckr-iOSTests */,
				FA29FDA118BCCBCF0050F465 /* Frameworks */,
				FA29FDA018BCCBCF0050F465 /* Products */,
			);
			sourceTree = "<group>";
		};
		FA29FDA018BCCBCF0050F465 /* Products */ = {
			isa = PBXGroup;
			children = (
				FA29FD9F18BCCBCF0050F465 /* TwttrChckr-iOS.app */,
				FA29FDC018BCCBCF0050F465 /* TwttrChckr-iOSTests.xctest */,
			);
			name = Products;
			sourceTree = "<group>";
		};
		FA29FDA118BCCBCF0050F465 /* Frameworks */ = {
			isa = PBXGroup;
			children = (
				FA29FDA218BCCBCF0050F465 /* Foundation.framework */,
				FA29FDA418BCCBCF0050F465 /* CoreGraphics.framework */,
				FA29FDA618BCCBCF0050F465 /* UIKit.framework */,
				FA29FDC118BCCBCF0050F465 /* XCTest.framework */,
			);
			name = Frameworks;
			sourceTree = "<group>";
		};
		FA29FDA818BCCBCF0050F465 /* TwttrChckr-iOS */ = {
			isa = PBXGroup;
			children = (
				FA29FDB118BCCBCF0050F465 /* AppDelegate.h */,
				FA29FDB218BCCBCF0050F465 /* AppDelegate.m */,
				FA29FDB418BCCBCF0050F465 /* Main.storyboard */,
				FA29FDB718BCCBCF0050F465 /* ViewController.h */,
				FA29FDB818BCCBCF0050F465 /* ViewController.m */,
				FA29FDBA18BCCBCF0050F465 /* Images.xcassets */,
				FA29FDA918BCCBCF0050F465 /* Supporting Files */,
			);
			path = "TwttrChckr-iOS";
			sourceTree = "<group>";
		};
		FA29FDA918BCCBCF0050F465 /* Supporting Files */ = {
			isa = PBXGroup;
			children = (
				FA29FDAA18BCCBCF0050F465 /* TwttrChckr-iOS-Info.plist */,
				FA29FDAB18BCCBCF0050F465 /* InfoPlist.strings */,
				FA29FDAE18BCCBCF0050F465 /* main.m */,
				FA29FDB018BCCBCF0050F465 /* TwttrChckr-iOS-Prefix.pch */,
			);
			name = "Supporting Files";
			sourceTree = "<group>";
		};
		FA29FDC718BCCBCF0050F465 /* TwttrChckr-iOSTests */ = {
			isa = PBXGroup;
			children = (
				FA29FDCD18BCCBCF0050F465 /* TwttrChckr_iOSTests.m */,
				FA29FDC818BCCBCF0050F465 /* Supporting Files */,
			);
			path = "TwttrChckr-iOSTests";
			sourceTree = "<group>";
		};
		FA29FDC818BCCBCF0050F465 /* Supporting Files */ = {
			isa = PBXGroup;
			children = (
				FA29FDC918BCCBCF0050F465 /* TwttrChckr-iOSTests-Info.plist */,
				FA29FDCA18BCCBCF0050F465 /* InfoPlist.strings */,
			);
			name = "Supporting Files";
			sourceTree = "<group>";
		};
/* End PBXGroup section */

/* Begin PBXNativeTarget section */
		FA29FD9E18BCCBCF0050F465 /* TwttrChckr-iOS */ = {
			isa = PBXNativeTarget;
			buildConfigurationList = FA29FDD118BCCBCF0050F465 /* Build configuration list for PBXNativeTarget "TwttrChckr-iOS" */;
			buildPhases = (
				FA29FD9B18BCCBCF0050F465 /* Sources */,
				FA29FD9C18BCCBCF0050F465 /* Frameworks */,
				FA29FD9D18BCCBCF0050F465 /* Resources */,
			);
			buildRules = (
			);
			dependencies = (
			);
			name = "TwttrChckr-iOS";
			productName = "TwttrChckr-iOS";
			productReference = FA29FD9F18BCCBCF0050F465 /* TwttrChckr-iOS.app */;
			productType = "com.apple.product-type.application";
		};
		FA29FDBF18BCCBCF0050F465 /* TwttrChckr-iOSTests */ = {
			isa = PBXNativeTarget;
			buildConfigurationList = FA29FDD418BCCBCF0050F465 /* Build configuration list for PBXNativeTarget "TwttrChckr-iOSTests" */;
			buildPhases = (
				FA29FDBC18BCCBCF0050F465 /* Sources */,
				FA29FDBD18BCCBCF0050F465 /* Frameworks */,
				FA29FDBE18BCCBCF0050F465 /* Resources */,
			);
			buildRules = (
			);
			dependencies = (
				FA29FDC618BCCBCF0050F465 /* PBXTargetDependency */,
			);
			name = "TwttrChckr-iOSTests";
			productName = "TwttrChckr-iOSTests";
			productReference = FA29FDC018BCCBCF0050F465 /* TwttrChckr-iOSTests.xctest */;
			productType = "com.apple.product-type.bundle.unit-test";
		};
/* End PBXNativeTarget section */

/* Begin PBXProject section */
		FA29FD9718BCCBCF0050F465 /* Project object */ = {
			isa = PBXProject;
			attributes = {
				LastUpgradeCheck = 0500;
				ORGANIZATIONNAME = "Alex Vallorosi";
				TargetAttributes = {
					FA29FDBF18BCCBCF0050F465 = {
						TestTargetID = FA29FD9E18BCCBCF0050F465;
					};
				};
			};
			buildConfigurationList = FA29FD9A18BCCBCF0050F465 /* Build configuration list for PBXProject "TwttrChckr-iOS" */;
			compatibilityVersion = "Xcode 3.2";
			developmentRegion = English;
			hasScannedForEncodings = 0;
			knownRegions = (
				en,
				Base,
			);
			mainGroup = FA29FD9618BCCBCF0050F465;
			productRefGroup = FA29FDA018BCCBCF0050F465 /* Products */;
			projectDirPath = "";
			projectRoot = "";
			targets = (
				FA29FD9E18BCCBCF0050F465 /* TwttrChckr-iOS */,
				FA29FDBF18BCCBCF0050F465 /* TwttrChckr-iOSTests */,
			);
		};
/* End PBXProject section */

/* Begin PBXResourcesBuildPhase section */
		FA29FD9D18BCCBCF0050F465 /* Resources */ = {
			isa = PBXResourcesBuildPhase;
			buildActionMask = 2147483647;
			files = (
				FA29FDBB18BCCBCF0050F465 /* Images.xcassets in Resources */,
				FA29FDAD18BCCBCF0050F465 /* InfoPlist.strings in Resources */,
				FA29FDB618BCCBCF0050F465 /* Main.storyboard in Resources */,
			);
			runOnlyForDeploymentPostprocessing = 0;
		};
		FA29FDBE18BCCBCF0050F465 /* Resources */ = {
			isa = PBXResourcesBuildPhase;
			buildActionMask = 2147483647;
			files = (
				FA29FDCC18BCCBCF0050F465 /* InfoPlist.strings in Resources */,
			);
			runOnlyForDeploymentPostprocessing = 0;
		};
/* End PBXResourcesBuildPhase section */

/* Begin PBXSourcesBuildPhase section */
		FA29FD9B18BCCBCF0050F465 /* Sources */ = {
			isa = PBXSourcesBuildPhase;
			buildActionMask = 2147483647;
			files = (
				FA29FDB918BCCBCF0050F465 /* ViewController.m in Sources */,
				FA29FDB318BCCBCF0050F465 /* AppDelegate.m in Sources */,
				FA29FDAF18BCCBCF0050F465 /* main.m in Sources */,
			);
			runOnlyForDeploymentPostprocessing = 0;
		};
		FA29FDBC18BCCBCF0050F465 /* Sources */ = {
			isa = PBXSourcesBuildPhase;
			buildActionMask = 2147483647;
			files = (
				FA29FDCE18BCCBCF0050F465 /* TwttrChckr_iOSTests.m in Sources */,
			);
			runOnlyForDeploymentPostprocessing = 0;
		};
/* End PBXSourcesBuildPhase section */

/* Begin PBXTargetDependency section */
		FA29FDC618BCCBCF0050F465 /* PBXTargetDependency */ = {
			isa = PBXTargetDependency;
			target = FA29FD9E18BCCBCF0050F465 /* TwttrChckr-iOS */;
			targetProxy = FA29FDC518BCCBCF0050F465 /* PBXContainerItemProxy */;
		};
/* End PBXTargetDependency section */

/* Begin PBXVariantGroup section */
		FA29FDAB18BCCBCF0050F465 /* InfoPlist.strings */ = {
			isa = PBXVariantGroup;
			children = (
				FA29FDAC18BCCBCF0050F465 /* en */,
			);
			name = InfoPlist.strings;
			sourceTree = "<group>";
		};
		FA29FDB418BCCBCF0050F465 /* Main.storyboard */ = {
			isa = PBXVariantGroup;
			children = (
				FA29FDB518BCCBCF0050F465 /* Base */,
			);
			name = Main.storyboard;
			sourceTree = "<group>";
		};
		FA29FDCA18BCCBCF0050F465 /* InfoPlist.strings */ = {
			isa = PBXVariantGroup;
			children = (
				FA29FDCB18BCCBCF0050F465 /* en */,
			);
			name = InfoPlist.strings;
			sourceTree = "<group>";
		};
/* End PBXVariantGroup section */

/* Begin XCBuildConfiguration section */
		FA29FDCF18BCCBCF0050F465 /* Debug */ = {
			isa = XCBuildConfiguration;
			buildSettings = {
				ALWAYS_SEARCH_USER_PATHS = NO;
				ARCHS = "$(ARCHS_STANDARD_INCLUDING_64_BIT)";
				CLANG_CXX_LANGUAGE_STANDARD = "gnu++0x";
				CLANG_CXX_LIBRARY = "libc++";
				CLANG_ENABLE_MODULES = YES;
				CLANG_ENABLE_OBJC_ARC = YES;
				CLANG_WARN_BOOL_CONVERSION = YES;
				CLANG_WARN_CONSTANT_CONVERSION = YES;
				CLANG_WARN_DIRECT_OBJC_ISA_USAGE = YES_ERROR;
				CLANG_WARN_EMPTY_BODY = YES;
				CLANG_WARN_ENUM_CONVERSION = YES;
				CLANG_WARN_INT_CONVERSION = YES;
				CLANG_WARN_OBJC_ROOT_CLASS = YES_ERROR;
				CLANG_WARN__DUPLICATE_METHOD_MATCH = YES;
				"CODE_SIGN_IDENTITY[sdk=iphoneos*]" = "iPhone Developer";
				COPY_PHASE_STRIP = NO;
				GCC_C_LANGUAGE_STANDARD = gnu99;
				GCC_DYNAMIC_NO_PIC = NO;
				GCC_OPTIMIZATION_LEVEL = 0;
				GCC_PREPROCESSOR_DEFINITIONS = (
					"DEBUG=1",
					"$(inherited)",
				);
				GCC_SYMBOLS_PRIVATE_EXTERN = NO;
				GCC_WARN_64_TO_32_BIT_CONVERSION = YES;
				GCC_WARN_ABOUT_RETURN_TYPE = YES_ERROR;
				GCC_WARN_UNDECLARED_SELECTOR = YES;
				GCC_WARN_UNINITIALIZED_AUTOS = YES;
				GCC_WARN_UNUSED_FUNCTION = YES;
				GCC_WARN_UNUSED_VARIABLE = YES;
				IPHONEOS_DEPLOYMENT_TARGET = 7.0;
				ONLY_ACTIVE_ARCH = YES;
				SDKROOT = iphoneos;
			};
			name = Debug;
		};
		FA29FDD018BCCBCF0050F465 /* Release */ = {
			isa = XCBuildConfiguration;
			buildSettings = {
				ALWAYS_SEARCH_USER_PATHS = NO;
				ARCHS = "$(ARCHS_STANDARD_INCLUDING_64_BIT)";
				CLANG_CXX_LANGUAGE_STANDARD = "gnu++0x";
				CLANG_CXX_LIBRARY = "libc++";
				CLANG_ENABLE_MODULES = YES;
				CLANG_ENABLE_OBJC_ARC = YES;
				CLANG_WARN_BOOL_CONVERSION = YES;
				CLANG_WARN_CONSTANT_CONVERSION = YES;
				CLANG_WARN_DIRECT_OBJC_ISA_USAGE = YES_ERROR;
				CLANG_WARN_EMPTY_BODY = YES;
				CLANG_WARN_ENUM_CONVERSION = YES;
				CLANG_WARN_INT_CONVERSION = YES;
				CLANG_WARN_OBJC_ROOT_CLASS = YES_ERROR;
				CLANG_WARN__DUPLICATE_METHOD_MATCH = YES;
				"CODE_SIGN_IDENTITY[sdk=iphoneos*]" = "iPhone Developer";
				COPY_PHASE_STRIP = YES;
				ENABLE_NS_ASSERTIONS = NO;
				GCC_C_LANGUAGE_STANDARD = gnu99;
				GCC_WARN_64_TO_32_BIT_CONVERSION = YES;
				GCC_WARN_ABOUT_RETURN_TYPE = YES_ERROR;
				GCC_WARN_UNDECLARED_SELECTOR = YES;
				GCC_WARN_UNINITIALIZED_AUTOS = YES;
				GCC_WARN_UNUSED_FUNCTION = YES;
				GCC_WARN_UNUSED_VARIABLE = YES;
				IPHONEOS_DEPLOYMENT_TARGET = 7.0;
				SDKROOT = iphoneos;
				VALIDATE_PRODUCT = YES;
			};
			name = Release;
		};
		FA29FDD218BCCBCF0050F465 /* Debug */ = {
			isa = XCBuildConfiguration;
			buildSettings = {
				ASSETCATALOG_COMPILER_APPICON_NAME = AppIcon;
				ASSETCATALOG_COMPILER_LAUNCHIMAGE_NAME = LaunchImage;
				GCC_PRECOMPILE_PREFIX_HEADER = YES;
				GCC_PREFIX_HEADER = "TwttrChckr-iOS/TwttrChckr-iOS-Prefix.pch";
				INFOPLIST_FILE = "TwttrChckr-iOS/TwttrChckr-iOS-Info.plist";
				PRODUCT_NAME = "$(TARGET_NAME)";
				WRAPPER_EXTENSION = app;
			};
			name = Debug;
		};
		FA29FDD318BCCBCF0050F465 /* Release */ = {
			isa = XCBuildConfiguration;
			buildSettings = {
				ASSETCATALOG_COMPILER_APPICON_NAME = AppIcon;
				ASSETCATALOG_COMPILER_LAUNCHIMAGE_NAME = LaunchImage;
				GCC_PRECOMPILE_PREFIX_HEADER = YES;
				GCC_PREFIX_HEADER = "TwttrChckr-iOS/TwttrChckr-iOS-Prefix.pch";
				INFOPLIST_FILE = "TwttrChckr-iOS/TwttrChckr-iOS-Info.plist";
				PRODUCT_NAME = "$(TARGET_NAME)";
				WRAPPER_EXTENSION = app;
			};
			name = Release;
		};
		FA29FDD518BCCBCF0050F465 /* Debug */ = {
			isa = XCBuildConfiguration;
			buildSettings = {
				ARCHS = "$(ARCHS_STANDARD_INCLUDING_64_BIT)";
				BUNDLE_LOADER = "$(BUILT_PRODUCTS_DIR)/TwttrChckr-iOS.app/TwttrChckr-iOS";
				FRAMEWORK_SEARCH_PATHS = (
					"$(SDKROOT)/Developer/Library/Frameworks",
					"$(inherited)",
					"$(DEVELOPER_FRAMEWORKS_DIR)",
				);
				GCC_PRECOMPILE_PREFIX_HEADER = YES;
				GCC_PREFIX_HEADER = "TwttrChckr-iOS/TwttrChckr-iOS-Prefix.pch";
				GCC_PREPROCESSOR_DEFINITIONS = (
					"DEBUG=1",
					"$(inherited)",
				);
				INFOPLIST_FILE = "TwttrChckr-iOSTests/TwttrChckr-iOSTests-Info.plist";
				PRODUCT_NAME = "$(TARGET_NAME)";
				TEST_HOST = "$(BUNDLE_LOADER)";
				WRAPPER_EXTENSION = xctest;
			};
			name = Debug;
		};
		FA29FDD618BCCBCF0050F465 /* Release */ = {
			isa = XCBuildConfiguration;
			buildSettings = {
				ARCHS = "$(ARCHS_STANDARD_INCLUDING_64_BIT)";
				BUNDLE_LOADER = "$(BUILT_PRODUCTS_DIR)/TwttrChckr-iOS.app/TwttrChckr-iOS";
				FRAMEWORK_SEARCH_PATHS = (
					"$(SDKROOT)/Developer/Library/Frameworks",
					"$(inherited)",
					"$(DEVELOPER_FRAMEWORKS_DIR)",
				);
				GCC_PRECOMPILE_PREFIX_HEADER = YES;
				GCC_PREFIX_HEADER = "TwttrChckr-iOS/TwttrChckr-iOS-Prefix.pch";
				INFOPLIST_FILE = "TwttrChckr-iOSTests/TwttrChckr-iOSTests-Info.plist";
				PRODUCT_NAME = "$(TARGET_NAME)";
				TEST_HOST = "$(BUNDLE_LOADER)";
				WRAPPER_EXTENSION = xctest;
			};
			name = Release;
		};
/* End XCBuildConfiguration section */

/* Begin XCConfigurationList section */
		FA29FD9A18BCCBCF0050F465 /* Build configuration list for PBXProject "TwttrChckr-iOS" */ = {
			isa = XCConfigurationList;
			buildConfigurations = (
				FA29FDCF18BCCBCF0050F465 /* Debug */,
				FA29FDD018BCCBCF0050F465 /* Release */,
			);
			defaultConfigurationIsVisible = 0;
			defaultConfigurationName = Release;
		};
		FA29FDD118BCCBCF0050F465 /* Build configuration list for PBXNativeTarget "TwttrChckr-iOS" */ = {
			isa = XCConfigurationList;
			buildConfigurations = (
				FA29FDD218BCCBCF0050F465 /* Debug */,
				FA29FDD318BCCBCF0050F465 /* Release */,
			);
			defaultConfigurationIsVisible = 0;
		};
		FA29FDD418BCCBCF0050F465 /* Build configuration list for PBXNativeTarget "TwttrChckr-iOSTests" */ = {
			isa = XCConfigurationList;
			buildConfigurations = (
				FA29FDD518BCCBCF0050F465 /* Debug */,
				FA29FDD618BCCBCF0050F465 /* Release */,
			);
			defaultConfigurationIsVisible = 0;
		};
/* End XCConfigurationList section */
	};
	rootObject = FA29FD9718BCCBCF0050F465 /* Project object */;
}
